
Microsoft Visual Studio Solution File, Format Version 12.00
# Visual Studio Version 16
VisualStudioVersion = 16.0.29911.84
MinimumVisualStudioVersion = 10.0.40219.1
Project("{FAE04EC0-301F-11D3-BF4B-00C04F79EFBC}") = "DadBot", "DadBot.csproj", "{CC9ABB24-36E2-46BC-8B50-FEA1D89B3D12}"
EndProject
Global
	GlobalSection(SolutionConfigurationPlatforms) = preSolution
		Debug|Any CPU = Debug|Any CPU
		Release|Any CPU = Release|Any CPU
	EndGlobalSection
	GlobalSection(ProjectConfigurationPlatforms) = postSolution
		{CC9ABB24-36E2-46BC-8B50-FEA1D89B3D12}.Debug|Any CPU.ActiveCfg = Debug|Any CPU
		{CC9ABB24-36E2-46BC-8B50-FEA1D89B3D12}.Debug|Any CPU.Build.0 = Debug|Any CPU
		{CC9ABB24-36E2-46BC-8B50-FEA1D89B3D12}.Release|Any CPU.ActiveCfg = Release|Any CPU
		{CC9ABB24-36E2-46BC-8B50-FEA1D89B3D12}.Release|Any CPU.Build.0 = Release|Any CPU
	EndGlobalSection
	GlobalSection(SolutionProperties) = preSolution
		HideSolutionNode = FALSE
	EndGlobalSection
	GlobalSection(ExtensibilityGlobals) = postSolution
		SolutionGuid = {C18B8DE3-D3A4-44D4-A2FC-096D2CEA18B4}
	EndGlobalSection
EndGlobal
